
Microsoft Visual Studio Solution File, Format Version 12.00
# Visual Studio Version 17
VisualStudioVersion = 17.1.31911.260
MinimumVisualStudioVersion = 10.0.40219.1
Project("{8BC9CEB8-8B4A-11D0-8D11-00A0C91BC942}") = "tests", "test.vcxproj", "{DB591C38-774E-4770-956F-157F7CB17D70}"
EndProject
Global
	GlobalSection(SolutionConfigurationPlatforms) = preSolution
		ClangDbg|x64 = ClangDbg|x64
		ClangDbg|x86 = ClangDbg|x86
		Debug|x64 = Debug|x64
		Debug|x86 = Debug|x86
		Release|x64 = Release|x64
		Release|x86 = Release|x86
	EndGlobalSection
	GlobalSection(ProjectConfigurationPlatforms) = postSolution
		{DB591C38-774E-4770-956F-157F7CB17D70}.ClangDbg|x64.ActiveCfg = ClangDbg|x64
		{DB591C38-774E-4770-956F-157F7CB17D70}.ClangDbg|x64.Build.0 = ClangDbg|x64
		{DB591C38-774E-4770-956F-157F7CB17D70}.ClangDbg|x86.ActiveCfg = ClangDbg|Win32
		{DB591C38-774E-4770-956F-157F7CB17D70}.ClangDbg|x86.Build.0 = ClangDbg|Win32
		{DB591C38-774E-4770-956F-157F7CB17D70}.Debug|x64.ActiveCfg = Debug|x64
		{DB591C38-774E-4770-956F-157F7CB17D70}.Debug|x64.Build.0 = Debug|x64
		{DB591C38-774E-4770-956F-157F7CB17D70}.Debug|x86.ActiveCfg = Debug|Win32
		{DB591C38-774E-4770-956F-157F7CB17D70}.Debug|x86.Build.0 = Debug|Win32
		{DB591C38-774E-4770-956F-157F7CB17D70}.Release|x64.ActiveCfg = Release|x64
		{DB591C38-774E-4770-956F-157F7CB17D70}.Release|x64.Build.0 = Release|x64
		{DB591C38-774E-4770-956F-157F7CB17D70}.Release|x86.ActiveCfg = Release|Win32
		{DB591C38-774E-4770-956F-157F7CB17D70}.Release|x86.Build.0 = Release|Win32
	EndGlobalSection
	GlobalSection(SolutionProperties) = preSolution
		HideSolutionNode = FALSE
	EndGlobalSection
	GlobalSection(ExtensibilityGlobals) = postSolution
		SolutionGuid = {467F577D-27A2-4393-BC71-BB4CC5EB34F9}
	EndGlobalSection
EndGlobal
