<?xml version="1.0" encoding="utf-8"?>
<Project ToolsVersion="4.0" xmlns="http://schemas.microsoft.com/developer/msbuild/2003">
  <ItemGroup>
    <Filter Include="Source Files">
      <UniqueIdentifier>{4FC737F1-C7A5-4376-A066-2A32D752A2FF}</UniqueIdentifier>
      <Extensions>cpp;c;cc;cxx;c++;cppm;ixx;def;odl;idl;hpj;bat;asm;asmx</Extensions>
    </Filter>
    <Filter Include="Header Files">
      <UniqueIdentifier>{93995380-89BD-4b04-88EB-625FBE52EBFB}</UniqueIdentifier>
      <Extensions>h;hh;hpp;hxx;h++;hm;inl;inc;ipp;xsd</Extensions>
    </Filter>
    <Filter Include="Resource Files">
      <UniqueIdentifier>{67DA6AB6-F800-4c08-8B7A-83BB121AAD01}</UniqueIdentifier>
      <Extensions>rc;ico;cur;bmp;dlg;rc2;rct;bin;rgs;gif;jpg;jpeg;jpe;resx;tiff;tif;png;wav;mfcribbon-ms</Extensions>
    </Filter>
    <Filter Include="Header Files\windows">
      <UniqueIdentifier>{1841a88e-0102-4362-a8c1-5d5e8eb12b5c}</UniqueIdentifier>
    </Filter>
    <Filter Include="Header Files\geometry">
      <UniqueIdentifier>{c7fce0bf-6179-4186-a6cc-ac843241ef50}</UniqueIdentifier>
    </Filter>
    <Filter Include="Header Files\enum_flags">
      <UniqueIdentifier>{a604f8c3-27e2-4860-aa5b-70f009d51c3b}</UniqueIdentifier>
    </Filter>
    <Filter Include="Header Files\formats">
      <UniqueIdentifier>{891a72da-22fd-42ed-80c4-05e4ecc17d92}</UniqueIdentifier>
    </Filter>
    <Filter Include="Header Files\cpp11">
      <UniqueIdentifier>{c668e6d7-b4d5-4c10-a729-d22d62f3f50d}</UniqueIdentifier>
    </Filter>
    <Filter Include="Header Files\cpp98">
      <UniqueIdentifier>{19080340-b9ca-4827-a5ed-e6d3dde2b121}</UniqueIdentifier>
    </Filter>
    <Filter Include="Header Files\eval_libs">
      <UniqueIdentifier>{4c0e9e65-f1c8-4bc5-ba70-64b3c905ff1d}</UniqueIdentifier>
    </Filter>
  </ItemGroup>
  <ItemGroup>
    <ClInclude Include="tests\tests_common.h">
      <Filter>Source Files</Filter>
    </ClInclude>
    <ClInclude Include="include\ghassanpl\windows\common.h">
      <Filter>Header Files\windows</Filter>
    </ClInclude>
    <ClInclude Include="include\ghassanpl\windows\message_box.h">
      <Filter>Header Files\windows</Filter>
    </ClInclude>
    <ClInclude Include="include\ghassanpl\windows\include.h">
      <Filter>Header Files\windows</Filter>
    </ClInclude>
    <ClInclude Include="include\ghassanpl\geometry\direction.h">
      <Filter>Header Files\geometry</Filter>
    </ClInclude>
    <ClInclude Include="include\ghassanpl\geometry\geometry_common.h">
      <Filter>Header Files\geometry</Filter>
    </ClInclude>
    <ClInclude Include="include\ghassanpl\geometry\square_grid.h">
      <Filter>Header Files\geometry</Filter>
    </ClInclude>
    <ClInclude Include="include\ghassanpl\geometry\squares.h">
      <Filter>Header Files\geometry</Filter>
    </ClInclude>
    <ClInclude Include="include\ghassanpl\geometry\square_grid_algorithms.h">
      <Filter>Header Files\geometry</Filter>
    </ClInclude>
    <ClInclude Include="include\ghassanpl\geometry\shape_concepts.h">
      <Filter>Header Files\geometry</Filter>
    </ClInclude>
    <ClInclude Include="include\ghassanpl\geometry\arcs.h">
      <Filter>Header Files\geometry</Filter>
    </ClInclude>
    <ClInclude Include="include\ghassanpl\geometry\triangles.h">
      <Filter>Header Files\geometry</Filter>
    </ClInclude>
    <ClInclude Include="include\ghassanpl\geometry\ellipse.h">
      <Filter>Header Files\geometry</Filter>
    </ClInclude>
    <ClInclude Include="include\ghassanpl\geometry\polygon.h">
      <Filter>Header Files\geometry</Filter>
    </ClInclude>
    <ClInclude Include="include\ghassanpl\geometry\segment.h">
      <Filter>Header Files\geometry</Filter>
    </ClInclude>
    <ClInclude Include="include\ghassanpl\align.h">
      <Filter>Header Files</Filter>
    </ClInclude>
    <ClInclude Include="include\ghassanpl\align+rec2.h">
      <Filter>Header Files</Filter>
    </ClInclude>
    <ClInclude Include="include\ghassanpl\assuming.h">
      <Filter>Header Files</Filter>
    </ClInclude>
    <ClInclude Include="include\ghassanpl\bits.h">
      <Filter>Header Files</Filter>
    </ClInclude>
    <ClInclude Include="include\ghassanpl\buffers.h">
      <Filter>Header Files</Filter>
    </ClInclude>
    <ClInclude Include="include\ghassanpl\bytes.h">
      <Filter>Header Files</Filter>
    </ClInclude>
    <ClInclude Include="include\ghassanpl\colors.h">
      <Filter>Header Files</Filter>
    </ClInclude>
    <ClInclude Include="include\ghassanpl\configs.h">
      <Filter>Header Files</Filter>
    </ClInclude>
    <ClInclude Include="include\ghassanpl\constexpr_math.h">
      <Filter>Header Files</Filter>
    </ClInclude>
    <ClInclude Include="include\ghassanpl\containers.h">
      <Filter>Header Files</Filter>
    </ClInclude>
    <ClInclude Include="include\ghassanpl\di.h">
      <Filter>Header Files</Filter>
    </ClInclude>
    <ClInclude Include="include\ghassanpl\di_impl.h">
      <Filter>Header Files</Filter>
    </ClInclude>
    <ClInclude Include="include\ghassanpl\functional.h">
      <Filter>Header Files</Filter>
    </ClInclude>
    <ClInclude Include="include\ghassanpl\hashes.h">
      <Filter>Header Files</Filter>
    </ClInclude>
    <ClInclude Include="include\ghassanpl\mmap.h">
      <Filter>Header Files</Filter>
    </ClInclude>
    <ClInclude Include="include\ghassanpl\mmap_impl.h">
      <Filter>Header Files</Filter>
    </ClInclude>
    <ClInclude Include="include\ghassanpl\named.h">
      <Filter>Header Files</Filter>
    </ClInclude>
    <ClInclude Include="include\ghassanpl\parsing.h">
      <Filter>Header Files</Filter>
    </ClInclude>
    <ClInclude Include="include\ghassanpl\platform.h">
      <Filter>Header Files</Filter>
    </ClInclude>
    <ClInclude Include="include\ghassanpl\random.h">
      <Filter>Header Files</Filter>
    </ClInclude>
    <ClInclude Include="include\ghassanpl\random_geom.h">
      <Filter>Header Files</Filter>
    </ClInclude>
    <ClInclude Include="include\ghassanpl\ranges.h">
      <Filter>Header Files</Filter>
    </ClInclude>
    <ClInclude Include="include\ghassanpl\rec2.h">
      <Filter>Header Files</Filter>
    </ClInclude>
    <ClInclude Include="include\ghassanpl\regex.h">
      <Filter>Header Files</Filter>
    </ClInclude>
    <ClInclude Include="include\ghassanpl\source_location.h">
      <Filter>Header Files</Filter>
    </ClInclude>
    <ClInclude Include="include\ghassanpl\string_ops.h">
      <Filter>Header Files</Filter>
    </ClInclude>
    <ClInclude Include="include\ghassanpl\stringification.h">
      <Filter>Header Files</Filter>
    </ClInclude>
    <ClInclude Include="include\ghassanpl\symbol.h">
      <Filter>Header Files</Filter>
    </ClInclude>
    <ClInclude Include="include\ghassanpl\templates.h">
      <Filter>Header Files</Filter>
    </ClInclude>
    <ClInclude Include="include\ghassanpl\unicode.h">
      <Filter>Header Files</Filter>
    </ClInclude>
    <ClInclude Include="include\ghassanpl\uri.h">
      <Filter>Header Files</Filter>
    </ClInclude>
    <ClInclude Include="include\ghassanpl\uri_impl.h">
      <Filter>Header Files</Filter>
    </ClInclude>
    <ClInclude Include="include\ghassanpl\with_sl.h">
      <Filter>Header Files</Filter>
    </ClInclude>
    <ClInclude Include="include\ghassanpl\atomic_enum_flags.h">
      <Filter>Header Files\enum_flags</Filter>
    </ClInclude>
    <ClInclude Include="include\ghassanpl\enum_flags.h">
      <Filter>Header Files\enum_flags</Filter>
    </ClInclude>
    <ClInclude Include="include\ghassanpl\flag_bits.h">
      <Filter>Header Files\enum_flags</Filter>
    </ClInclude>
    <ClInclude Include="include\ghassanpl\flag_bits_v.h">
      <Filter>Header Files\enum_flags</Filter>
    </ClInclude>
    <ClInclude Include="include\ghassanpl\bit_view.h">
      <Filter>Header Files</Filter>
    </ClInclude>
    <ClInclude Include="include\ghassanpl\wilson.h">
      <Filter>Header Files\formats</Filter>
    </ClInclude>
    <ClInclude Include="include\ghassanpl\json_helpers.h">
      <Filter>Header Files\formats</Filter>
    </ClInclude>
    <ClInclude Include="include\ghassanpl\formats.h">
      <Filter>Header Files\formats</Filter>
    </ClInclude>
    <ClInclude Include="include\ghassanpl\cpp98\enum_flags.h">
      <Filter>Header Files\cpp98</Filter>
    </ClInclude>
    <ClInclude Include="include\ghassanpl\windows\last_error.h">
      <Filter>Header Files\windows</Filter>
    </ClInclude>
    <ClInclude Include="include\ghassanpl\eval.h">
      <Filter>Header Files</Filter>
    </ClInclude>
    <ClInclude Include="include\ghassanpl\interpolate.h">
      <Filter>Header Files</Filter>
    </ClInclude>
    <ClInclude Include="include\ghassanpl\sexps.h">
      <Filter>Header Files\formats</Filter>
    </ClInclude>
    <ClInclude Include="include\ghassanpl\enums.h">
      <Filter>Header Files</Filter>
    </ClInclude>
    <ClInclude Include="include\ghassanpl\cpp11\named.h">
      <Filter>Header Files\cpp11</Filter>
    </ClInclude>
    <ClInclude Include="include\ghassanpl\windows\gfx.h">
      <Filter>Header Files\windows</Filter>
    </ClInclude>
    <ClInclude Include="include\ghassanpl\windows\wm.h">
      <Filter>Header Files\windows</Filter>
    </ClInclude>
    <ClInclude Include="include\ghassanpl\windows\folders.h">
      <Filter>Header Files\windows</Filter>
    </ClInclude>
    <ClInclude Include="include\ghassanpl\windows\console.h">
      <Filter>Header Files\windows</Filter>
    </ClInclude>
    <ClInclude Include="include\ghassanpl\eval_libs\lib_core.h">
      <Filter>Header Files\eval_libs</Filter>
    </ClInclude>
    <ClInclude Include="include\ghassanpl\cpp23.h">
      <Filter>Header Files</Filter>
    </ClInclude>
    <ClInclude Include="include\ghassanpl\random_seq.h">
      <Filter>Header Files</Filter>
    </ClInclude>
    <ClInclude Include="include\ghassanpl\noise.h">
      <Filter>Header Files</Filter>
    </ClInclude>
    <ClInclude Include="include\ghassanpl\cpp11\string_view.h">
      <Filter>Header Files\cpp11</Filter>
    </ClInclude>
  </ItemGroup>
  <ItemGroup>
    <None Include="vcpkg.json" />
    <None Include="README.md" />
    <None Include="include\ghassanpl\platform_impl.inl">
      <Filter>Header Files</Filter>
    </None>
    <None Include="Doxyfile" />
  </ItemGroup>
  <ItemGroup>
    <ClCompile Include="tests\align_tests.cpp">
      <Filter>Source Files</Filter>
    </ClCompile>
    <ClCompile Include="tests\assuming_tests.cpp">
      <Filter>Source Files</Filter>
    </ClCompile>
    <ClCompile Include="tests\di_tests.cpp">
      <Filter>Source Files</Filter>
    </ClCompile>
    <ClCompile Include="tests\enum_flags_tests.cpp">
      <Filter>Source Files</Filter>
    </ClCompile>
    <ClCompile Include="tests\main.cpp">
      <Filter>Source Files</Filter>
    </ClCompile>
    <ClCompile Include="tests\named_tests.cpp">
      <Filter>Source Files</Filter>
    </ClCompile>
    <ClCompile Include="tests\rec2_tests.cpp">
      <Filter>Source Files</Filter>
    </ClCompile>
    <ClCompile Include="tests\string_ops_tests.cpp">
      <Filter>Source Files</Filter>
    </ClCompile>
    <ClCompile Include="tests\templates_tests.cpp">
      <Filter>Source Files</Filter>
    </ClCompile>
    <ClCompile Include="tests\mmap_tests.cpp">
      <Filter>Source Files</Filter>
    </ClCompile>
    <ClCompile Include="tests\test_system.cpp">
      <Filter>Source Files</Filter>
    </ClCompile>
    <ClCompile Include="tests\test_system_tests.cpp">
      <Filter>Source Files</Filter>
    </ClCompile>
    <ClCompile Include="tests\configs_tests.cpp">
      <Filter>Source Files</Filter>
    </ClCompile>
    <ClCompile Include="tests\platform_tests.cpp">
      <Filter>Source Files</Filter>
    </ClCompile>
    <ClCompile Include="tests\symbol_tests.cpp">
      <Filter>Source Files</Filter>
    </ClCompile>
    <ClCompile Include="tests\colors_test.cpp">
      <Filter>Source Files</Filter>
    </ClCompile>
    <ClCompile Include="tests\containers_tests.cpp">
      <Filter>Source Files</Filter>
    </ClCompile>
    <ClCompile Include="tests\ranges_tests.cpp">
      <Filter>Source Files</Filter>
    </ClCompile>
    <ClCompile Include="tests\functional_tests.cpp">
      <Filter>Source Files</Filter>
    </ClCompile>
    <ClCompile Include="tests\parsing_tests.cpp">
      <Filter>Source Files</Filter>
    </ClCompile>
    <ClCompile Include="tests\buffers_tests.cpp">
      <Filter>Source Files</Filter>
    </ClCompile>
    <ClCompile Include="tests\formats_tests.cpp">
      <Filter>Source Files</Filter>
    </ClCompile>
    <ClCompile Include="tests\random_tests.cpp">
      <Filter>Source Files</Filter>
    </ClCompile>
    <ClCompile Include="playground.cpp">
      <Filter>Source Files</Filter>
    </ClCompile>
    <ClCompile Include="tests\geometry_tests.cpp">
      <Filter>Source Files</Filter>
    </ClCompile>
    <ClCompile Include="tests\uri_tests.cpp">
      <Filter>Source Files</Filter>
    </ClCompile>
    <ClCompile Include="tests\eval_tests.cpp">
      <Filter>Source Files</Filter>
    </ClCompile>
    <ClCompile Include="tests\hashes_tests.cpp">
      <Filter>Source Files</Filter>
    </ClCompile>
    <ClCompile Include="tests\cpp98_tests.cpp">
      <Filter>Source Files</Filter>
    </ClCompile>
    <ClCompile Include="tests\cpp11_tests.cpp">
      <Filter>Source Files</Filter>
    </ClCompile>
    <ClCompile Include="tests\windows_tests.cpp">
      <Filter>Source Files</Filter>
    </ClCompile>
    <ClCompile Include="tests\byte_tests.cpp">
      <Filter>Source Files</Filter>
    </ClCompile>
  </ItemGroup>
</Project>